
Microsoft Visual Studio Solution File, Format Version 12.00
# Visual Studio Version 16
VisualStudioVersion = 16.0.30621.155
MinimumVisualStudioVersion = 10.0.40219.1
Project("{9A19103F-16F7-4668-BE54-9A1E7A4F7556}") = "bookArchive", "bookArchive\bookArchive.csproj", "{51511115-0930-4D04-A46B-7F9A42D27E87}"
EndProject
Project("{FAE04EC0-301F-11D3-BF4B-00C04F79EFBC}") = "BookArchive.API", "BookArchive.API\BookArchive.API.csproj", "{D4B7970A-BA68-4595-942B-9AE20D181918}"
EndProject
Global
	GlobalSection(SolutionConfigurationPlatforms) = preSolution
		Debug|Any CPU = Debug|Any CPU
		Release|Any CPU = Release|Any CPU
	EndGlobalSection
	GlobalSection(ProjectConfigurationPlatforms) = postSolution
		{51511115-0930-4D04-A46B-7F9A42D27E87}.Debug|Any CPU.ActiveCfg = Debug|Any CPU
		{51511115-0930-4D04-A46B-7F9A42D27E87}.Debug|Any CPU.Build.0 = Debug|Any CPU
		{51511115-0930-4D04-A46B-7F9A42D27E87}.Release|Any CPU.ActiveCfg = Release|Any CPU
		{51511115-0930-4D04-A46B-7F9A42D27E87}.Release|Any CPU.Build.0 = Release|Any CPU
		{D4B7970A-BA68-4595-942B-9AE20D181918}.Debug|Any CPU.ActiveCfg = Debug|Any CPU
		{D4B7970A-BA68-4595-942B-9AE20D181918}.Debug|Any CPU.Build.0 = Debug|Any CPU
		{D4B7970A-BA68-4595-942B-9AE20D181918}.Release|Any CPU.ActiveCfg = Release|Any CPU
		{D4B7970A-BA68-4595-942B-9AE20D181918}.Release|Any CPU.Build.0 = Release|Any CPU
	EndGlobalSection
	GlobalSection(SolutionProperties) = preSolution
		HideSolutionNode = FALSE
	EndGlobalSection
	GlobalSection(ExtensibilityGlobals) = postSolution
		SolutionGuid = {4927F7F7-6059-409C-963D-CDF51AE0ECF2}
	EndGlobalSection
EndGlobal
